Microsoft Visual Studio Solution File, Format Version 12.00
# Visual Studio 16
Project("{FAE04EC0-301F-11D3-BF4B-00C04F79EFBC}") = "Exporting", "Exporting\Exporting.Net5.csproj", "{06AAB1FF-0F21-4E07-ACB3-1700BCA2F702}"
EndProject
Global
	GlobalSection(SolutionConfigurationPlatforms) = preSolution
		Debug|Any CPU = Debug|Any CPU
		Release|Any CPU = Release|Any CPU
	EndGlobalSection
	GlobalSection(ProjectConfigurationPlatforms) = postSolution
		{06AAB1FF-0F21-4E07-ACB3-1700BCA2F702}.Debug|Any CPU.ActiveCfg = Debug|Any CPU
		{06AAB1FF-0F21-4E07-ACB3-1700BCA2F702}.Debug|Any CPU.Build.0 = Debug|Any CPU
		{06AAB1FF-0F21-4E07-ACB3-1700BCA2F702}.Release|Any CPU.ActiveCfg = Release|Any CPU
		{06AAB1FF-0F21-4E07-ACB3-1700BCA2F702}.Release|Any CPU.Build.0 = Release|Any CPU
	EndGlobalSection
	GlobalSection(SolutionProperties) = preSolution
		HideSolutionNode = FALSE
	EndGlobalSection
EndGlobal
